
Microsoft Visual Studio Solution File, Format Version 12.00
# Visual Studio Version 17
VisualStudioVersion = 17.5.33502.453
MinimumVisualStudioVersion = 10.0.40219.1
Project("{9A19103F-16F7-4668-BE54-9A1E7A4F7556}") = "ToursimBookingService", "ToursimBookingService.csproj", "{9B1B71CB-5717-411C-B7BE-565939556550}"
EndProject
Project("{FAE04EC0-301F-11D3-BF4B-00C04F79EFBC}") = "BookingServiceTesting", "..\BookingServiceTesting\BookingServiceTesting.csproj", "{D6D2E44E-0212-42C6-8AA7-EAD412E7425A}"
EndProject
Global
	GlobalSection(SolutionConfigurationPlatforms) = preSolution
		Debug|Any CPU = Debug|Any CPU
		Release|Any CPU = Release|Any CPU
	EndGlobalSection
	GlobalSection(ProjectConfigurationPlatforms) = postSolution
		{9B1B71CB-5717-411C-B7BE-565939556550}.Debug|Any CPU.ActiveCfg = Debug|Any CPU
		{9B1B71CB-5717-411C-B7BE-565939556550}.Debug|Any CPU.Build.0 = Debug|Any CPU
		{9B1B71CB-5717-411C-B7BE-565939556550}.Release|Any CPU.ActiveCfg = Release|Any CPU
		{9B1B71CB-5717-411C-B7BE-565939556550}.Release|Any CPU.Build.0 = Release|Any CPU
		{D6D2E44E-0212-42C6-8AA7-EAD412E7425A}.Debug|Any CPU.ActiveCfg = Debug|Any CPU
		{D6D2E44E-0212-42C6-8AA7-EAD412E7425A}.Debug|Any CPU.Build.0 = Debug|Any CPU
		{D6D2E44E-0212-42C6-8AA7-EAD412E7425A}.Release|Any CPU.ActiveCfg = Release|Any CPU
		{D6D2E44E-0212-42C6-8AA7-EAD412E7425A}.Release|Any CPU.Build.0 = Release|Any CPU
	EndGlobalSection
	GlobalSection(SolutionProperties) = preSolution
		HideSolutionNode = FALSE
	EndGlobalSection
	GlobalSection(ExtensibilityGlobals) = postSolution
		SolutionGuid = {984B2BB0-3AE3-4F4F-A857-CF07D5BCBBFB}
	EndGlobalSection
EndGlobal
